
Microsoft Visual Studio Solution File, Format Version 12.00
# Visual Studio Version 17
VisualStudioVersion = 17.11.35219.272
MinimumVisualStudioVersion = 10.0.40219.1
Project("{9A19103F-16F7-4668-BE54-9A1E7A4F7556}") = "JeronyCruz_Ap1_P1", "JeronyCruz_Ap1_P1.csproj", "{DB813380-2DA8-42F5-9B05-297A9C6E1EEB}"
EndProject
Global
	GlobalSection(SolutionConfigurationPlatforms) = preSolution
		Debug|Any CPU = Debug|Any CPU
		Release|Any CPU = Release|Any CPU
	EndGlobalSection
	GlobalSection(ProjectConfigurationPlatforms) = postSolution
		{DB813380-2DA8-42F5-9B05-297A9C6E1EEB}.Debug|Any CPU.ActiveCfg = Debug|Any CPU
		{DB813380-2DA8-42F5-9B05-297A9C6E1EEB}.Debug|Any CPU.Build.0 = Debug|Any CPU
		{DB813380-2DA8-42F5-9B05-297A9C6E1EEB}.Release|Any CPU.ActiveCfg = Release|Any CPU
		{DB813380-2DA8-42F5-9B05-297A9C6E1EEB}.Release|Any CPU.Build.0 = Release|Any CPU
	EndGlobalSection
	GlobalSection(SolutionProperties) = preSolution
		HideSolutionNode = FALSE
	EndGlobalSection
	GlobalSection(ExtensibilityGlobals) = postSolution
		SolutionGuid = {2E9655FD-2B4C-4823-99B8-C7190B556A52}
	EndGlobalSection
EndGlobal
